PODS:
  - Alamofire (5.0.5)
  - AlamofireImage (4.0.3):
    - Alamofire (< 6.0.0, >= 5.0.2)
  - SwiftyJSON (5.0.1)
  - UIColor_Hex_Swift (5.1.7)

DEPENDENCIES:
  - Alamofire (~> 5.0.0-rc.3)
  - AlamofireImage
  - SwiftyJSON
  - UIColor_Hex_Swift (~> 5.1.7)

SPEC REPOS:
  trunk:
    - Alamofire
    - AlamofireImage
    - SwiftyJSON
    - UIColor_Hex_Swift

SPEC CHECKSUMS:
  Alamofire: df2f8f826963b08b9a870791ad48e07a10090b2e
  AlamofireImage: 3d1a2010519e58675318735580eb856e88840ff7
  SwiftyJSON: 2f33a42c6fbc52764d96f13368585094bfd8aa5e
  UIColor_Hex_Swift: 31cd3e47440f07a20d2503a36bb0437a445b3c29

PODFILE CHECKSUM: 8f7069ee686b1841338a9ac3c9b8693e6f06b472

COCOAPODS: 1.10.1
